// !$*UTF8*$!
{
	archiveVersion = 1;
	classes = {
	};
	objectVersion = 48;
	objects = {

/* Begin PBXBuildFile section */
		876E32D920C6E0D7003CFD79 /* AppDelegate.swift in Sources */ = {isa = PBXBuildFile; fileRef = 876E32D820C6E0D7003CFD79 /* AppDelegate.swift */; };
		876E32E020C6E0D7003CFD79 /* Image.xcassets in Resources */ = {isa = PBXBuildFile; fileRef = 876E32DF20C6E0D7003CFD79 /* Image.xcassets */; };
		876E32E320C6E0D7003CFD79 /* LaunchScreen.storyboard in Resources */ = {isa = PBXBuildFile; fileRef = 876E32E120C6E0D7003CFD79 /* LaunchScreen.storyboard */; };
		876E32FC20C6EB68003CFD79 /* TabBarItemType.swift in Sources */ = {isa = PBXBuildFile; fileRef = 876E32FB20C6EB68003CFD79 /* TabBarItemType.swift */; };
		876E32FE20C6F075003CFD79 /* TabBarController.swift in Sources */ = {isa = PBXBuildFile; fileRef = 876E32FD20C6F075003CFD79 /* TabBarController.swift */; };
		876E330120C6F33B003CFD79 /* UIColorExtensions.swift in Sources */ = {isa = PBXBuildFile; fileRef = 876E330020C6F33B003CFD79 /* UIColorExtensions.swift */; };
		876E330320C6F452003CFD79 /* TabBarItem.swift in Sources */ = {isa = PBXBuildFile; fileRef = 876E330220C6F452003CFD79 /* TabBarItem.swift */; };
/* End PBXBuildFile section */

/* Begin PBXFileReference section */
		876E32D520C6E0D7003CFD79 /* WeatherApp.app */ = {isa = PBXFileReference; explicitFileType = wrapper.application; includeInIndex = 0; path = WeatherApp.app; sourceTree = BUILT_PRODUCTS_DIR; };
		876E32D820C6E0D7003CFD79 /* AppDelegate.swift */ = {isa = PBXFileReference; lastKnownFileType = sourcecode.swift; path = AppDelegate.swift; sourceTree = "<group>"; };
		876E32DF20C6E0D7003CFD79 /* Image.xcassets */ = {isa = PBXFileReference; lastKnownFileType = folder.assetcatalog; path = Image.xcassets; sourceTree = "<group>"; };
		876E32E220C6E0D7003CFD79 /* Base */ = {isa = PBXFileReference; lastKnownFileType = file.storyboard; name = Base; path = Base.lproj/LaunchScreen.storyboard; sourceTree = "<group>"; };
		876E32E420C6E0D7003CFD79 /* Info.plist */ = {isa = PBXFileReference; lastKnownFileType = text.plist.xml; path = Info.plist; sourceTree = "<group>"; };
		876E32F320C6E48C003CFD79 /* ProximaNova-Semibold.otf */ = {isa = PBXFileReference; lastKnownFileType = file; path = "ProximaNova-Semibold.otf"; sourceTree = "<group>"; };
		876E32F420C6E48C003CFD79 /* ProximaNova-Bold.otf */ = {isa = PBXFileReference; lastKnownFileType = file; path = "ProximaNova-Bold.otf"; sourceTree = "<group>"; };
		876E32F520C6E48C003CFD79 /* ProximaNova-Regular.otf */ = {isa = PBXFileReference; lastKnownFileType = file; path = "ProximaNova-Regular.otf"; sourceTree = "<group>"; };
		876E32F620C6E48C003CFD79 /* ProximaNova-Light.otf */ = {isa = PBXFileReference; lastKnownFileType = file; path = "ProximaNova-Light.otf"; sourceTree = "<group>"; };
		876E32FB20C6EB68003CFD79 /* TabBarItemType.swift */ = {isa = PBXFileReference; lastKnownFileType = sourcecode.swift; path = TabBarItemType.swift; sourceTree = "<group>"; };
		876E32FD20C6F075003CFD79 /* TabBarController.swift */ = {isa = PBXFileReference; lastKnownFileType = sourcecode.swift; path = TabBarController.swift; sourceTree = "<group>"; };
		876E330020C6F33B003CFD79 /* UIColorExtensions.swift */ = {isa = PBXFileReference; lastKnownFileType = sourcecode.swift; path = UIColorExtensions.swift; sourceTree = "<group>"; };
		876E330220C6F452003CFD79 /* TabBarItem.swift */ = {isa = PBXFileReference; lastKnownFileType = sourcecode.swift; path = TabBarItem.swift; sourceTree = "<group>"; };
/* End PBXFileReference section */

/* Begin PBXFrameworksBuildPhase section */
		876E32D220C6E0D7003CFD79 /* Frameworks */ = {
			isa = PBXFrameworksBuildPhase;
			buildActionMask = 2147483647;
			files = (
			);
			runOnlyForDeploymentPostprocessing = 0;
		};
/* End PBXFrameworksBuildPhase section */

/* Begin PBXGroup section */
		876E32CC20C6E0D6003CFD79 = {
			isa = PBXGroup;
			children = (
				876E32D720C6E0D7003CFD79 /* WeatherApp */,
				876E32D620C6E0D7003CFD79 /* Products */,
			);
			sourceTree = "<group>";
		};
		876E32D620C6E0D7003CFD79 /* Products */ = {
			isa = PBXGroup;
			children = (
				876E32D520C6E0D7003CFD79 /* WeatherApp.app */,
			);
			name = Products;
			sourceTree = "<group>";
		};
		876E32D720C6E0D7003CFD79 /* WeatherApp */ = {
			isa = PBXGroup;
			children = (
				876E32FF20C6F323003CFD79 /* Extentions */,
				876E32FA20C6EA66003CFD79 /* TabBar */,
				876E32D820C6E0D7003CFD79 /* AppDelegate.swift */,
				876E32EC20C6E20D003CFD79 /* Models */,
				876E32EE20C6E223003CFD79 /* Views */,
				876E32F020C6E236003CFD79 /* ViewModels */,
				876E32EA20C6E1A1003CFD79 /* Resources */,
				876E32F820C6EA3E003CFD79 /* SupportingFiles */,
			);
			path = WeatherApp;
			sourceTree = "<group>";
		};
		876E32EA20C6E1A1003CFD79 /* Resources */ = {
			isa = PBXGroup;
			children = (
				876E32F720C6E495003CFD79 /* Font */,
				876E32EB20C6E1E9003CFD79 /* Storyboards */,
				876E32DF20C6E0D7003CFD79 /* Image.xcassets */,
			);
			path = Resources;
			sourceTree = "<group>";
		};
		876E32EB20C6E1E9003CFD79 /* Storyboards */ = {
			isa = PBXGroup;
			children = (
				876E32E120C6E0D7003CFD79 /* LaunchScreen.storyboard */,
			);
			path = Storyboards;
			sourceTree = "<group>";
		};
		876E32EC20C6E20D003CFD79 /* Models */ = {
			isa = PBXGroup;
			children = (
			);
			path = Models;
			sourceTree = "<group>";
		};
		876E32EE20C6E223003CFD79 /* Views */ = {
			isa = PBXGroup;
			children = (
			);
			path = Views;
			sourceTree = "<group>";
		};
		876E32F020C6E236003CFD79 /* ViewModels */ = {
			isa = PBXGroup;
			children = (
			);
			path = ViewModels;
			sourceTree = "<group>";
		};
		876E32F720C6E495003CFD79 /* Font */ = {
			isa = PBXGroup;
			children = (
				876E32F420C6E48C003CFD79 /* ProximaNova-Bold.otf */,
				876E32F620C6E48C003CFD79 /* ProximaNova-Light.otf */,
				876E32F520C6E48C003CFD79 /* ProximaNova-Regular.otf */,
				876E32F320C6E48C003CFD79 /* ProximaNova-Semibold.otf */,
			);
			path = Font;
			sourceTree = "<group>";
		};
		876E32F820C6EA3E003CFD79 /* SupportingFiles */ = {
			isa = PBXGroup;
			children = (
				876E32E420C6E0D7003CFD79 /* Info.plist */,
			);
			path = SupportingFiles;
			sourceTree = "<group>";
		};
		876E32FA20C6EA66003CFD79 /* TabBar */ = {
			isa = PBXGroup;
			children = (
				876E32FD20C6F075003CFD79 /* TabBarController.swift */,
				876E330220C6F452003CFD79 /* TabBarItem.swift */,
				876E32FB20C6EB68003CFD79 /* TabBarItemType.swift */,
			);
			path = TabBar;
			sourceTree = "<group>";
		};
		876E32FF20C6F323003CFD79 /* Extentions */ = {
			isa = PBXGroup;
			children = (
				876E330020C6F33B003CFD79 /* UIColorExtensions.swift */,
			);
			name = Extentions;
			sourceTree = "<group>";
		};
/* End PBXGroup section */

/* Begin PBXNativeTarget section */
		876E32D420C6E0D7003CFD79 /* WeatherApp */ = {
			isa = PBXNativeTarget;
			buildConfigurationList = 876E32E720C6E0D7003CFD79 /* Build configuration list for PBXNativeTarget "WeatherApp" */;
			buildPhases = (
				876E32D120C6E0D7003CFD79 /* Sources */,
				876E32D220C6E0D7003CFD79 /* Frameworks */,
				876E32D320C6E0D7003CFD79 /* Resources */,
			);
			buildRules = (
			);
			dependencies = (
			);
			name = WeatherApp;
			productName = WeatherApp;
			productReference = 876E32D520C6E0D7003CFD79 /* WeatherApp.app */;
			productType = "com.apple.product-type.application";
		};
/* End PBXNativeTarget section */

/* Begin PBXProject section */
		876E32CD20C6E0D6003CFD79 /* Project object */ = {
			isa = PBXProject;
			attributes = {
				LastSwiftUpdateCheck = 0920;
				LastUpgradeCheck = 0920;
				ORGANIZATIONNAME = HsiaoAi;
				TargetAttributes = {
					876E32D420C6E0D7003CFD79 = {
						CreatedOnToolsVersion = 9.2;
						ProvisioningStyle = Automatic;
					};
				};
			};
			buildConfigurationList = 876E32D020C6E0D6003CFD79 /* Build configuration list for PBXProject "WeatherApp" */;
			compatibilityVersion = "Xcode 8.0";
			developmentRegion = en;
			hasScannedForEncodings = 0;
			knownRegions = (
				en,
				Base,
			);
			mainGroup = 876E32CC20C6E0D6003CFD79;
			productRefGroup = 876E32D620C6E0D7003CFD79 /* Products */;
			projectDirPath = "";
			projectRoot = "";
			targets = (
				876E32D420C6E0D7003CFD79 /* WeatherApp */,
			);
		};
/* End PBXProject section */

/* Begin PBXResourcesBuildPhase section */
		876E32D320C6E0D7003CFD79 /* Resources */ = {
			isa = PBXResourcesBuildPhase;
			buildActionMask = 2147483647;
			files = (
				876E32E320C6E0D7003CFD79 /* LaunchScreen.storyboard in Resources */,
				876E32E020C6E0D7003CFD79 /* Image.xcassets in Resources */,
			);
			runOnlyForDeploymentPostprocessing = 0;
		};
/* End PBXResourcesBuildPhase section */

/* Begin PBXSourcesBuildPhase section */
		876E32D120C6E0D7003CFD79 /* Sources */ = {
			isa = PBXSourcesBuildPhase;
			buildActionMask = 2147483647;
			files = (
				876E32FE20C6F075003CFD79 /* TabBarController.swift in Sources */,
				876E32FC20C6EB68003CFD79 /* TabBarItemType.swift in Sources */,
				876E330320C6F452003CFD79 /* TabBarItem.swift in Sources */,
				876E32D920C6E0D7003CFD79 /* AppDelegate.swift in Sources */,
				876E330120C6F33B003CFD79 /* UIColorExtensions.swift in Sources */,
			);
			runOnlyForDeploymentPostprocessing = 0;
		};
/* End PBXSourcesBuildPhase section */

/* Begin PBXVariantGroup section */
		876E32E120C6E0D7003CFD79 /* LaunchScreen.storyboard */ = {
			isa = PBXVariantGroup;
			children = (
				876E32E220C6E0D7003CFD79 /* Base */,
			);
			name = LaunchScreen.storyboard;
			sourceTree = "<group>";
		};
/* End PBXVariantGroup section */

/* Begin XCBuildConfiguration section */
		876E32E520C6E0D7003CFD79 /* Debug */ = {
			isa = XCBuildConfiguration;
			buildSettings = {
				ALWAYS_SEARCH_USER_PATHS = NO;
				CLANG_ANALYZER_NONNULL = YES;
				CLANG_ANALYZER_NUMBER_OBJECT_CONVERSION = YES_AGGRESSIVE;
				CLANG_CXX_LANGUAGE_STANDARD = "gnu++14";
				CLANG_CXX_LIBRARY = "libc++";
				CLANG_ENABLE_MODULES = YES;
				CLANG_ENABLE_OBJC_ARC = YES;
				CLANG_WARN_BLOCK_CAPTURE_AUTORELEASING = YES;
				CLANG_WARN_BOOL_CONVERSION = YES;
				CLANG_WARN_COMMA = YES;
				CLANG_WARN_CONSTANT_CONVERSION = YES;
				CLANG_WARN_DIRECT_OBJC_ISA_USAGE = YES_ERROR;
				CLANG_WARN_DOCUMENTATION_COMMENTS = YES;
				CLANG_WARN_EMPTY_BODY = YES;
				CLANG_WARN_ENUM_CONVERSION = YES;
				CLANG_WARN_INFINITE_RECURSION = YES;
				CLANG_WARN_INT_CONVERSION = YES;
				CLANG_WARN_NON_LITERAL_NULL_CONVERSION = YES;
				CLANG_WARN_OBJC_LITERAL_CONVERSION = YES;
				CLANG_WARN_OBJC_ROOT_CLASS = YES_ERROR;
				CLANG_WARN_RANGE_LOOP_ANALYSIS = YES;
				CLANG_WARN_STRICT_PROTOTYPES = YES;
				CLANG_WARN_SUSPICIOUS_MOVE = YES;
				CLANG_WARN_UNGUARDED_AVAILABILITY = YES_AGGRESSIVE;
				CLANG_WARN_UNREACHABLE_CODE = YES;
				CLANG_WARN__DUPLICATE_METHOD_MATCH = YES;
				CODE_SIGN_IDENTITY = "iPhone Developer";
				COPY_PHASE_STRIP = NO;
				DEBUG_INFORMATION_FORMAT = dwarf;
				ENABLE_STRICT_OBJC_MSGSEND = YES;
				ENABLE_TESTABILITY = YES;
				GCC_C_LANGUAGE_STANDARD = gnu11;
				GCC_DYNAMIC_NO_PIC = NO;
				GCC_NO_COMMON_BLOCKS = YES;
				GCC_OPTIMIZATION_LEVEL = 0;
				GCC_PREPROCESSOR_DEFINITIONS = (
					"DEBUG=1",
					"$(inherited)",
				);
				GCC_WARN_64_TO_32_BIT_CONVERSION = YES;
				GCC_WARN_ABOUT_RETURN_TYPE = YES_ERROR;
				GCC_WARN_UNDECLARED_SELECTOR = YES;
				GCC_WARN_UNINITIALIZED_AUTOS = YES_AGGRESSIVE;
				GCC_WARN_UNUSED_FUNCTION = YES;
				GCC_WARN_UNUSED_VARIABLE = YES;
				IPHONEOS_DEPLOYMENT_TARGET = 11.2;
				MTL_ENABLE_DEBUG_INFO = YES;
				ONLY_ACTIVE_ARCH = YES;
				SDKROOT = iphoneos;
				SWIFT_ACTIVE_COMPILATION_CONDITIONS = DEBUG;
				SWIFT_OPTIMIZATION_LEVEL = "-Onone";
			};
			name = Debug;
		};
		876E32E620C6E0D7003CFD79 /* Release */ = {
			isa = XCBuildConfiguration;
			buildSettings = {
				ALWAYS_SEARCH_USER_PATHS = NO;
				CLANG_ANALYZER_NONNULL = YES;
				CLANG_ANALYZER_NUMBER_OBJECT_CONVERSION = YES_AGGRESSIVE;
				CLANG_CXX_LANGUAGE_STANDARD = "gnu++14";
				CLANG_CXX_LIBRARY = "libc++";
				CLANG_ENABLE_MODULES = YES;
				CLANG_ENABLE_OBJC_ARC = YES;
				CLANG_WARN_BLOCK_CAPTURE_AUTORELEASING = YES;
				CLANG_WARN_BOOL_CONVERSION = YES;
				CLANG_WARN_COMMA = YES;
				CLANG_WARN_CONSTANT_CONVERSION = YES;
				CLANG_WARN_DIRECT_OBJC_ISA_USAGE = YES_ERROR;
				CLANG_WARN_DOCUMENTATION_COMMENTS = YES;
				CLANG_WARN_EMPTY_BODY = YES;
				CLANG_WARN_ENUM_CONVERSION = YES;
				CLANG_WARN_INFINITE_RECURSION = YES;
				CLANG_WARN_INT_CONVERSION = YES;
				CLANG_WARN_NON_LITERAL_NULL_CONVERSION = YES;
				CLANG_WARN_OBJC_LITERAL_CONVERSION = YES;
				CLANG_WARN_OBJC_ROOT_CLASS = YES_ERROR;
				CLANG_WARN_RANGE_LOOP_ANALYSIS = YES;
				CLANG_WARN_STRICT_PROTOTYPES = YES;
				CLANG_WARN_SUSPICIOUS_MOVE = YES;
				CLANG_WARN_UNGUARDED_AVAILABILITY = YES_AGGRESSIVE;
				CLANG_WARN_UNREACHABLE_CODE = YES;
				CLANG_WARN__DUPLICATE_METHOD_MATCH = YES;
				CODE_SIGN_IDENTITY = "iPhone Developer";
				COPY_PHASE_STRIP = NO;
				DEBUG_INFORMATION_FORMAT = "dwarf-with-dsym";
				ENABLE_NS_ASSERTIONS = NO;
				ENABLE_STRICT_OBJC_MSGSEND = YES;
				GCC_C_LANGUAGE_STANDARD = gnu11;
				GCC_NO_COMMON_BLOCKS = YES;
				GCC_WARN_64_TO_32_BIT_CONVERSION = YES;
				GCC_WARN_ABOUT_RETURN_TYPE = YES_ERROR;
				GCC_WARN_UNDECLARED_SELECTOR = YES;
				GCC_WARN_UNINITIALIZED_AUTOS = YES_AGGRESSIVE;
				GCC_WARN_UNUSED_FUNCTION = YES;
				GCC_WARN_UNUSED_VARIABLE = YES;
				IPHONEOS_DEPLOYMENT_TARGET = 11.2;
				MTL_ENABLE_DEBUG_INFO = NO;
				SDKROOT = iphoneos;
				SWIFT_OPTIMIZATION_LEVEL = "-Owholemodule";
				VALIDATE_PRODUCT = YES;
			};
			name = Release;
		};
		876E32E820C6E0D7003CFD79 /* Debug */ = {
			isa = XCBuildConfiguration;
			buildSettings = {
				ASSETCATALOG_COMPILER_APPICON_NAME = AppIcon;
				CODE_SIGN_STYLE = Automatic;
				DEVELOPMENT_TEAM = DTTYHBEAZE;
				INFOPLIST_FILE = "$(SRCROOT)/WeatherApp/SupportingFiles/Info.plist";
				LD_RUNPATH_SEARCH_PATHS = "$(inherited) @executable_path/Frameworks";
				PRODUCT_BUNDLE_IDENTIFIER = com.hsiaoai.WeatherApp;
				PRODUCT_NAME = "$(TARGET_NAME)";
				SWIFT_VERSION = 4.0;
				TARGETED_DEVICE_FAMILY = "1,2";
			};
			name = Debug;
		};
		876E32E920C6E0D7003CFD79 /* Release */ = {
			isa = XCBuildConfiguration;
			buildSettings = {
				ASSETCATALOG_COMPILER_APPICON_NAME = AppIcon;
				CODE_SIGN_STYLE = Automatic;
				DEVELOPMENT_TEAM = DTTYHBEAZE;
				INFOPLIST_FILE = "$(SRCROOT)/WeatherApp/SupportingFiles/Info.plist";
				LD_RUNPATH_SEARCH_PATHS = "$(inherited) @executable_path/Frameworks";
				PRODUCT_BUNDLE_IDENTIFIER = com.hsiaoai.WeatherApp;
				PRODUCT_NAME = "$(TARGET_NAME)";
				SWIFT_VERSION = 4.0;
				TARGETED_DEVICE_FAMILY = "1,2";
			};
			name = Release;
		};
/* End XCBuildConfiguration section */

/* Begin XCConfigurationList section */
		876E32D020C6E0D6003CFD79 /* Build configuration list for PBXProject "WeatherApp" */ = {
			isa = XCConfigurationList;
			buildConfigurations = (
				876E32E520C6E0D7003CFD79 /* Debug */,
				876E32E620C6E0D7003CFD79 /* Release */,
			);
			defaultConfigurationIsVisible = 0;
			defaultConfigurationName = Release;
		};
		876E32E720C6E0D7003CFD79 /* Build configuration list for PBXNativeTarget "WeatherApp" */ = {
			isa = XCConfigurationList;
			buildConfigurations = (
				876E32E820C6E0D7003CFD79 /* Debug */,
				876E32E920C6E0D7003CFD79 /* Release */,
			);
			defaultConfigurationIsVisible = 0;
			defaultConfigurationName = Release;
		};
/* End XCConfigurationList section */
	};
	rootObject = 876E32CD20C6E0D6003CFD79 /* Project object */;
}
